
Microsoft Visual Studio Solution File, Format Version 12.00
# Visual Studio Version 17
VisualStudioVersion = 17.11.35208.52
MinimumVisualStudioVersion = 10.0.40219.1
Project("{9A19103F-16F7-4668-BE54-9A1E7A4F7556}") = "ForestCove", "ForestCove.csproj", "{9F006CFC-72A1-47B8-88DF-EFB2F392FDBD}"
EndProject
Global
	GlobalSection(SolutionConfigurationPlatforms) = preSolution
		Debug|Any CPU = Debug|Any CPU
		Release|Any CPU = Release|Any CPU
	EndGlobalSection
	GlobalSection(ProjectConfigurationPlatforms) = postSolution
		{9F006CFC-72A1-47B8-88DF-EFB2F392FDBD}.Debug|Any CPU.ActiveCfg = Debug|Any CPU
		{9F006CFC-72A1-47B8-88DF-EFB2F392FDBD}.Debug|Any CPU.Build.0 = Debug|Any CPU
		{9F006CFC-72A1-47B8-88DF-EFB2F392FDBD}.Release|Any CPU.ActiveCfg = Release|Any CPU
		{9F006CFC-72A1-47B8-88DF-EFB2F392FDBD}.Release|Any CPU.Build.0 = Release|Any CPU
	EndGlobalSection
	GlobalSection(SolutionProperties) = preSolution
		HideSolutionNode = FALSE
	EndGlobalSection
	GlobalSection(ExtensibilityGlobals) = postSolution
		SolutionGuid = {4A8EC2CC-AE79-4DBE-96BC-C124A6EBC3A7}
	EndGlobalSection
EndGlobal
